
Microsoft Visual Studio Solution File, Format Version 12.00
# Visual Studio 15
VisualStudioVersion = 15.0.28307.852
MinimumVisualStudioVersion = 10.0.40219.1
Project("{FAE04EC0-301F-11D3-BF4B-00C04F79EFBC}") = "singlestonecontact", "singlestonecontact\singlestonecontact.csproj", "{F864E62C-EB51-4B84-ABA9-1BC3C9A2170F}"
EndProject
Project("{FAE04EC0-301F-11D3-BF4B-00C04F79EFBC}") = "SingleStoneContactUnitTests", "UnitTestProject1\SingleStoneContactUnitTests.csproj", "{D658AC0E-4819-4430-AAE9-B14B98F1CBE2}"
EndProject
Global
	GlobalSection(SolutionConfigurationPlatforms) = preSolution
		Debug|Any CPU = Debug|Any CPU
		Release|Any CPU = Release|Any CPU
	EndGlobalSection
	GlobalSection(ProjectConfigurationPlatforms) = postSolution
		{F864E62C-EB51-4B84-ABA9-1BC3C9A2170F}.Debug|Any CPU.ActiveCfg = Debug|Any CPU
		{F864E62C-EB51-4B84-ABA9-1BC3C9A2170F}.Debug|Any CPU.Build.0 = Debug|Any CPU
		{F864E62C-EB51-4B84-ABA9-1BC3C9A2170F}.Release|Any CPU.ActiveCfg = Release|Any CPU
		{F864E62C-EB51-4B84-ABA9-1BC3C9A2170F}.Release|Any CPU.Build.0 = Release|Any CPU
		{D658AC0E-4819-4430-AAE9-B14B98F1CBE2}.Debug|Any CPU.ActiveCfg = Debug|Any CPU
		{D658AC0E-4819-4430-AAE9-B14B98F1CBE2}.Debug|Any CPU.Build.0 = Debug|Any CPU
		{D658AC0E-4819-4430-AAE9-B14B98F1CBE2}.Release|Any CPU.ActiveCfg = Release|Any CPU
		{D658AC0E-4819-4430-AAE9-B14B98F1CBE2}.Release|Any CPU.Build.0 = Release|Any CPU
	EndGlobalSection
	GlobalSection(SolutionProperties) = preSolution
		HideSolutionNode = FALSE
	EndGlobalSection
	GlobalSection(ExtensibilityGlobals) = postSolution
		SolutionGuid = {3382DEF6-5667-4393-A123-57EE8BBC863F}
	EndGlobalSection
EndGlobal
